
Microsoft Visual Studio Solution File, Format Version 12.00
# Visual Studio Version 17
VisualStudioVersion = 17.13.35818.85
MinimumVisualStudioVersion = 10.0.40219.1
Project("{FAE04EC0-301F-11D3-BF4B-00C04F79EFBC}") = "ProjectApprovalAPI", "ProjectApprovalAPI.csproj", "{A1E1A500-D5BD-0AB3-7C82-A67C6082BF94}"
EndProject
Project("{FAE04EC0-301F-11D3-BF4B-00C04F79EFBC}") = "Domain", "..\Domain\Domain.csproj", "{0F488C8F-1BA0-4FF0-B105-C2A7F21798F6}"
EndProject
Project("{FAE04EC0-301F-11D3-BF4B-00C04F79EFBC}") = "Infrastructure", "..\Infrastructure\Infrastructure.csproj", "{7DFA83D3-D211-42CF-9B38-4CE082291AC2}"
EndProject
Project("{FAE04EC0-301F-11D3-BF4B-00C04F79EFBC}") = "Application", "..\Application\Application.csproj", "{BE7FBFEB-2AEF-46B7-8593-DF545DB7136C}"
EndProject
Global
	GlobalSection(SolutionConfigurationPlatforms) = preSolution
		Debug|Any CPU = Debug|Any CPU
		Release|Any CPU = Release|Any CPU
	EndGlobalSection
	GlobalSection(ProjectConfigurationPlatforms) = postSolution
		{A1E1A500-D5BD-0AB3-7C82-A67C6082BF94}.Debug|Any CPU.ActiveCfg = Debug|Any CPU
		{A1E1A500-D5BD-0AB3-7C82-A67C6082BF94}.Debug|Any CPU.Build.0 = Debug|Any CPU
		{A1E1A500-D5BD-0AB3-7C82-A67C6082BF94}.Release|Any CPU.ActiveCfg = Release|Any CPU
		{A1E1A500-D5BD-0AB3-7C82-A67C6082BF94}.Release|Any CPU.Build.0 = Release|Any CPU
		{0F488C8F-1BA0-4FF0-B105-C2A7F21798F6}.Debug|Any CPU.ActiveCfg = Debug|Any CPU
		{0F488C8F-1BA0-4FF0-B105-C2A7F21798F6}.Debug|Any CPU.Build.0 = Debug|Any CPU
		{0F488C8F-1BA0-4FF0-B105-C2A7F21798F6}.Release|Any CPU.ActiveCfg = Release|Any CPU
		{0F488C8F-1BA0-4FF0-B105-C2A7F21798F6}.Release|Any CPU.Build.0 = Release|Any CPU
		{7DFA83D3-D211-42CF-9B38-4CE082291AC2}.Debug|Any CPU.ActiveCfg = Debug|Any CPU
		{7DFA83D3-D211-42CF-9B38-4CE082291AC2}.Debug|Any CPU.Build.0 = Debug|Any CPU
		{7DFA83D3-D211-42CF-9B38-4CE082291AC2}.Release|Any CPU.ActiveCfg = Release|Any CPU
		{7DFA83D3-D211-42CF-9B38-4CE082291AC2}.Release|Any CPU.Build.0 = Release|Any CPU
		{BE7FBFEB-2AEF-46B7-8593-DF545DB7136C}.Debug|Any CPU.ActiveCfg = Debug|Any CPU
		{BE7FBFEB-2AEF-46B7-8593-DF545DB7136C}.Debug|Any CPU.Build.0 = Debug|Any CPU
		{BE7FBFEB-2AEF-46B7-8593-DF545DB7136C}.Release|Any CPU.ActiveCfg = Release|Any CPU
		{BE7FBFEB-2AEF-46B7-8593-DF545DB7136C}.Release|Any CPU.Build.0 = Release|Any CPU
	EndGlobalSection
	GlobalSection(SolutionProperties) = preSolution
		HideSolutionNode = FALSE
	EndGlobalSection
	GlobalSection(ExtensibilityGlobals) = postSolution
		SolutionGuid = {C432FD19-C2EA-4443-BF60-83196428FBCE}
	EndGlobalSection
EndGlobal
